
Microsoft Visual Studio Solution File, Format Version 12.00
# Visual Studio Version 16
VisualStudioVersion = 16.0.30523.141
MinimumVisualStudioVersion = 10.0.40219.1
Project("{FAE04EC0-301F-11D3-BF4B-00C04F79EFBC}") = "BlazorCRUD.Server", "BlazorCRUD\Server\BlazorCRUD.Server.csproj", "{71CB21A7-7960-4D44-841D-2A44F9CCAFCE}"
EndProject
Project("{FAE04EC0-301F-11D3-BF4B-00C04F79EFBC}") = "BlazorCRUD.Client", "BlazorCRUD\Client\BlazorCRUD.Client.csproj", "{0AC83A41-2182-41E7-90A3-F097AB88C3D0}"
EndProject
Project("{FAE04EC0-301F-11D3-BF4B-00C04F79EFBC}") = "BlazorCRUD.Shared", "BlazorCRUD\Shared\BlazorCRUD.Shared.csproj", "{75E10044-B2B8-4768-B22D-98F17D8F9089}"
EndProject
Global
	GlobalSection(SolutionConfigurationPlatforms) = preSolution
		Debug|Any CPU = Debug|Any CPU
		Release|Any CPU = Release|Any CPU
	EndGlobalSection
	GlobalSection(ProjectConfigurationPlatforms) = postSolution
		{71CB21A7-7960-4D44-841D-2A44F9CCAFCE}.Debug|Any CPU.ActiveCfg = Debug|Any CPU
		{71CB21A7-7960-4D44-841D-2A44F9CCAFCE}.Debug|Any CPU.Build.0 = Debug|Any CPU
		{71CB21A7-7960-4D44-841D-2A44F9CCAFCE}.Release|Any CPU.ActiveCfg = Release|Any CPU
		{71CB21A7-7960-4D44-841D-2A44F9CCAFCE}.Release|Any CPU.Build.0 = Release|Any CPU
		{0AC83A41-2182-41E7-90A3-F097AB88C3D0}.Debug|Any CPU.ActiveCfg = Debug|Any CPU
		{0AC83A41-2182-41E7-90A3-F097AB88C3D0}.Debug|Any CPU.Build.0 = Debug|Any CPU
		{0AC83A41-2182-41E7-90A3-F097AB88C3D0}.Release|Any CPU.ActiveCfg = Release|Any CPU
		{0AC83A41-2182-41E7-90A3-F097AB88C3D0}.Release|Any CPU.Build.0 = Release|Any CPU
		{75E10044-B2B8-4768-B22D-98F17D8F9089}.Debug|Any CPU.ActiveCfg = Debug|Any CPU
		{75E10044-B2B8-4768-B22D-98F17D8F9089}.Debug|Any CPU.Build.0 = Debug|Any CPU
		{75E10044-B2B8-4768-B22D-98F17D8F9089}.Release|Any CPU.ActiveCfg = Release|Any CPU
		{75E10044-B2B8-4768-B22D-98F17D8F9089}.Release|Any CPU.Build.0 = Release|Any CPU
	EndGlobalSection
	GlobalSection(SolutionProperties) = preSolution
		HideSolutionNode = FALSE
	EndGlobalSection
	GlobalSection(ExtensibilityGlobals) = postSolution
		SolutionGuid = {8999DA06-27EE-4CE2-A423-9B809A619E6D}
	EndGlobalSection
EndGlobal
